github.com/CaiJimmy/hugo-theme-stack/v3 v3.27.0 h1:wVAa/ZimTOkFy/mODH5RXS3R3mlgfAXaDTYs7GccJUw=
github.com/CaiJimmy/hugo-theme-stack/v3 v3.27.0/go.mod h1:IPmCXiIxlFSLFYS0tOmYP6ySLviyeNVSabyvSuaxD+I=
github.com/mfg92/hugo-shortcode-gallery v1.1.1 h1:SQfyXMG3LaJ7aRVa/Lta8UP61VG6SESh19qe6XZsi+k=
github.com/mfg92/hugo-shortcode-gallery v1.1.1/go.mod h1:zKnMCx7OJJPTfVNalUAFGkNVABLCqIuPl57NeBtSFc0=
