github.com/CaiJimmy/hugo-theme-stack/v3 v3.29.0 h1:6Ahvbvlyi0HrstfDt2yk6BfcAEnW107lWOUjPjD/ye4=
github.com/CaiJimmy/hugo-theme-stack/v3 v3.29.0/go.mod h1:IPmCXiIxlFSLFYS0tOmYP6ySLviyeNVSabyvSuaxD+I=
github.com/mfg92/hugo-shortcode-gallery v1.1.1 h1:SQfyXMG3LaJ7aRVa/Lta8UP61VG6SESh19qe6XZsi+k=
github.com/mfg92/hugo-shortcode-gallery v1.1.1/go.mod h1:zKnMCx7OJJPTfVNalUAFGkNVABLCqIuPl57NeBtSFc0=
